
Microsoft Visual Studio Solution File, Format Version 12.00
# Visual Studio Version 16
VisualStudioVersion = 16.0.30717.126
MinimumVisualStudioVersion = 10.0.40219.1
Project("{FAE04EC0-301F-11D3-BF4B-00C04F79EFBC}") = "ACM.BL", "ACM\ACM.BL.csproj", "{89F2B398-1902-42B4-9E26-B7CAFF68FE99}"
EndProject
Global
	GlobalSection(SolutionConfigurationPlatforms) = preSolution
		Debug|Any CPU = Debug|Any CPU
		Release|Any CPU = Release|Any CPU
	EndGlobalSection
	GlobalSection(ProjectConfigurationPlatforms) = postSolution
		{89F2B398-1902-42B4-9E26-B7CAFF68FE99}.Debug|Any CPU.ActiveCfg = Debug|Any CPU
		{89F2B398-1902-42B4-9E26-B7CAFF68FE99}.Debug|Any CPU.Build.0 = Debug|Any CPU
		{89F2B398-1902-42B4-9E26-B7CAFF68FE99}.Release|Any CPU.ActiveCfg = Release|Any CPU
		{89F2B398-1902-42B4-9E26-B7CAFF68FE99}.Release|Any CPU.Build.0 = Release|Any CPU
	EndGlobalSection
	GlobalSection(SolutionProperties) = preSolution
		HideSolutionNode = FALSE
	EndGlobalSection
	GlobalSection(ExtensibilityGlobals) = postSolution
		SolutionGuid = {E7F71839-B058-4B1C-9E48-D3D6B0079FA2}
	EndGlobalSection
EndGlobal
